# THIS IS AN AUTOGENERATED FILE. DO NOT EDIT THIS FILE DIRECTLY.
# yarn lockfile v1


"@babel/code-frame@7.0.0-beta.31":
  version "7.0.0-beta.31"
  resolved "http://registry.npm.taobao.org/@babel/code-frame/download/@babel/code-frame-7.0.0-beta.31.tgz#473d021ecc573a2cce1c07d5b509d5215f46ba35"
  dependencies:
    chalk "^2.0.0"
    esutils "^2.0.2"
    js-tokens "^3.0.0"

"@babel/helper-function-name@7.0.0-beta.31":
  version "7.0.0-beta.31"
  resolved "http://registry.npm.taobao.org/@babel/helper-function-name/download/@babel/helper-function-name-7.0.0-beta.31.tgz#afe63ad799209989348b1109b44feb66aa245f57"
  dependencies:
    "@babel/helper-get-function-arity" "7.0.0-beta.31"
    "@babel/template" "7.0.0-beta.31"
    "@babel/traverse" "7.0.0-beta.31"
    "@babel/types" "7.0.0-beta.31"

"@babel/helper-get-function-arity@7.0.0-beta.31":
  version "7.0.0-beta.31"
  resolved "http://registry.npm.taobao.org/@babel/helper-get-function-arity/download/@babel/helper-get-function-arity-7.0.0-beta.31.tgz#1176d79252741218e0aec872ada07efb2b37a493"
  dependencies:
    "@babel/types" "7.0.0-beta.31"

"@babel/template@7.0.0-beta.31":
  version "7.0.0-beta.31"
  resolved "http://registry.npm.taobao.org/@babel/template/download/@babel/template-7.0.0-beta.31.tgz#577bb29389f6c497c3e7d014617e7d6713f68bda"
  dependencies:
    "@babel/code-frame" "7.0.0-beta.31"
    "@babel/types" "7.0.0-beta.31"
    babylon "7.0.0-beta.31"
    lodash "^4.2.0"

"@babel/traverse@7.0.0-beta.31":
  version "7.0.0-beta.31"
  resolved "http://registry.npm.taobao.org/@babel/traverse/download/@babel/traverse-7.0.0-beta.31.tgz#db399499ad74aefda014f0c10321ab255134b1df"
  dependencies:
    "@babel/code-frame" "7.0.0-beta.31"
    "@babel/helper-function-name" "7.0.0-beta.31"
    "@babel/types" "7.0.0-beta.31"
    babylon "7.0.0-beta.31"
    debug "^3.0.1"
    globals "^10.0.0"
    invariant "^2.2.0"
    lodash "^4.2.0"

"@babel/types@7.0.0-beta.31":
  version "7.0.0-beta.31"
  resolved "http://registry.npm.taobao.org/@babel/types/download/@babel/types-7.0.0-beta.31.tgz#42c9c86784f674c173fb21882ca9643334029de4"
  dependencies:
    esutils "^2.0.2"
    lodash "^4.2.0"
    to-fast-properties "^2.0.0"

accept@3.x.x:
  version "3.0.2"
  resolved "http://registry.npm.taobao.org/accept/download/accept-3.0.2.tgz#83e41cec7e1149f3fd474880423873db6c6cc9ac"
  dependencies:
    boom "7.x.x"
    hoek "5.x.x"

align-text@^0.1.1, align-text@^0.1.3:
  version "0.1.4"
  resolved "http://registry.npm.taobao.org/align-text/download/align-text-0.1.4.tgz#0cd90a561093f35d0a99256c22b7069433fad117"
  dependencies:
    kind-of "^3.0.2"
    longest "^1.0.1"
    repeat-string "^1.5.2"

amdefine@>=0.0.4:
  version "1.0.1"
  resolved "http://registry.npm.taobao.org/amdefine/download/amdefine-1.0.1.tgz#4a5282ac164729e93619bcfd3ad151f817ce91f5"

ammo@3.x.x:
  version "3.0.0"
  resolved "http://registry.npm.taobao.org/ammo/download/ammo-3.0.0.tgz#30f322f70a0904eaee1788f4d26c5be1d72da181"
  dependencies:
    boom "6.x.x"
    hoek "5.x.x"

ansi-styles@^3.1.0:
  version "3.2.0"
  resolved "http://registry.npm.taobao.org/ansi-styles/download/ansi-styles-3.2.0.tgz#c159b8d5be0f9e5a6f346dab94f16ce022161b88"
  dependencies:
    color-convert "^1.9.0"

argparse@^1.0.7:
  version "1.0.9"
  resolved "http://registry.npm.taobao.org/argparse/download/argparse-1.0.9.tgz#73d83bc263f86e97f8cc4f6bae1b0e90a7d22c86"
  dependencies:
    sprintf-js "~1.0.2"

async@^1.4.0:
  version "1.5.2"
  resolved "http://registry.npm.taobao.org/async/download/async-1.5.2.tgz#ec6a61ae56480c0c3cb241c95618e20892f9672a"

b64@4.x.x:
  version "4.0.0"
  resolved "http://registry.npm.taobao.org/b64/download/b64-4.0.0.tgz#c37f587f0a383c7019e821120e8c3f58f0d22772"

babel-eslint@^8.1.2:
  version "8.1.2"
  resolved "http://registry.npm.taobao.org/babel-eslint/download/babel-eslint-8.1.2.tgz#a39230b0c20ecbaa19a35d5633bf9b9ca2c8116f"
  dependencies:
    "@babel/code-frame" "7.0.0-beta.31"
    "@babel/traverse" "7.0.0-beta.31"
    "@babel/types" "7.0.0-beta.31"
    babylon "7.0.0-beta.31"
    eslint-scope "~3.7.1"
    eslint-visitor-keys "^1.0.0"

babylon@7.0.0-beta.31:
  version "7.0.0-beta.31"
  resolved "http://registry.npm.taobao.org/babylon/download/babylon-7.0.0-beta.31.tgz#7ec10f81e0e456fd0f855ad60fa30c2ac454283f"

big-time@2.x.x:
  version "2.0.0"
  resolved "http://registry.npm.taobao.org/big-time/download/big-time-2.0.0.tgz#70193b60faff72c96ed52331b555490e604d7ccc"

boom@6.x.x:
  version "6.0.0"
  resolved "http://registry.npm.taobao.org/boom/download/boom-6.0.0.tgz#9b36c52a12afab3f0e55536131b7fd5021aad0cc"
  dependencies:
    hoek "5.x.x"

boom@7.x.x, boom@^7.1.1:
  version "7.1.1"
  resolved "http://registry.npm.taobao.org/boom/download/boom-7.1.1.tgz#50392a4e3417e971f1ad28622c20e832275260bb"
  dependencies:
    hoek "5.x.x"

bounce@1.x.x:
  version "1.2.0"
  resolved "http://registry.npm.taobao.org/bounce/download/bounce-1.2.0.tgz#e3bac68c73fd256e38096551efc09f504873c8c8"
  dependencies:
    boom "7.x.x"
    hoek "5.x.x"

call-me-maybe@^1.0.1:
  version "1.0.1"
  resolved "http://registry.npm.taobao.org/call-me-maybe/download/call-me-maybe-1.0.1.tgz#26d208ea89e37b5cbde60250a15f031c16a4d66b"

call@5.x.x:
  version "5.0.1"
  resolved "http://registry.npm.taobao.org/call/download/call-5.0.1.tgz#ac1b5c106d9edc2a17af2a4a4f74dd4f0c06e910"
  dependencies:
    boom "7.x.x"
    hoek "5.x.x"

camelcase@^1.0.2:
  version "1.2.1"
  resolved "http://registry.npm.taobao.org/camelcase/download/camelcase-1.2.1.tgz#9bb5304d2e0b56698b2c758b08a3eaa9daa58a39"

catbox-memory@3.x.x:
  version "3.1.1"
  resolved "http://registry.npm.taobao.org/catbox-memory/download/catbox-memory-3.1.1.tgz#4f398835a3d8f5992c31ddee24378467498a9c9a"
  dependencies:
    big-time "2.x.x"
    boom "7.x.x"
    hoek "5.x.x"

catbox@10.x.x:
  version "10.0.2"
  resolved "http://registry.npm.taobao.org/catbox/download/catbox-10.0.2.tgz#e6ac1f35102d1a9bd07915b82e508d12b50a8bfa"
  dependencies:
    boom "7.x.x"
    bounce "1.x.x"
    hoek "5.x.x"
    joi "13.x.x"

center-align@^0.1.1:
  version "0.1.3"
  resolved "http://registry.npm.taobao.org/center-align/download/center-align-0.1.3.tgz#aa0d32629b6ee972200411cbd4461c907bc2b7ad"
  dependencies:
    align-text "^0.1.3"
    lazy-cache "^1.0.3"

chalk@^2.0.0:
  version "2.3.0"
  resolved "http://registry.npm.taobao.org/chalk/download/chalk-2.3.0.tgz#b5ea48efc9c1793dccc9b4767c93914d3f2d52ba"
  dependencies:
    ansi-styles "^3.1.0"
    escape-string-regexp "^1.0.5"
    supports-color "^4.0.0"

cliui@^2.1.0:
  version "2.1.0"
  resolved "http://registry.npm.taobao.org/cliui/download/cliui-2.1.0.tgz#4b475760ff80264c762c3a1719032e91c7fea0d1"
  dependencies:
    center-align "^0.1.1"
    right-align "^0.1.1"
    wordwrap "0.0.2"

color-convert@^1.9.0:
  version "1.9.1"
  resolved "http://registry.npm.taobao.org/color-convert/download/color-convert-1.9.1.tgz#c1261107aeb2f294ebffec9ed9ecad529a6097ed"
  dependencies:
    color-name "^1.1.1"

color-name@^1.1.1:
  version "1.1.3"
  resolved "http://registry.npm.taobao.org/color-name/download/color-name-1.1.3.tgz#a7d0558bd89c42f795dd42328f740831ca53bc25"

commander@^2.7.1:
  version "2.12.2"
  resolved "http://registry.npm.taobao.org/commander/download/commander-2.12.2.tgz#0f5946c427ed9ec0d91a46bb9def53e54650e555"

content@4.x.x:
  version "4.0.3"
  resolved "http://registry.npm.taobao.org/content/download/content-4.0.3.tgz#2224e0449e4258617bc5f7fb4dc2f17f321d21fc"
  dependencies:
    boom "7.x.x"

cryptiles@4.x.x:
  version "4.1.1"
  resolved "http://registry.npm.taobao.org/cryptiles/download/cryptiles-4.1.1.tgz#169256b9df9fe3c73f8085c99e30b32247d4ab46"
  dependencies:
    boom "7.x.x"

debug@^3.0.1, debug@^3.1.0:
  version "3.1.0"
  resolved "http://registry.npm.taobao.org/debug/download/debug-3.1.0.tgz#5bb5a0672628b64149566ba16819e61518c67261"
  dependencies:
    ms "2.0.0"

decamelize@^1.0.0:
  version "1.2.0"
  resolved "http://registry.npm.taobao.org/decamelize/download/decamelize-1.2.0.tgz#f6534d15148269b20352e7bee26f501f9a191290"

escape-string-regexp@^1.0.5:
  version "1.0.5"
  resolved "http://registry.npm.taobao.org/escape-string-regexp/download/escape-string-regexp-1.0.5.tgz#1b61c0562190a8dff6ae3bb2cf0200ca130b86d4"

eslint-scope@~3.7.1:
  version "3.7.1"
  resolved "http://registry.npm.taobao.org/eslint-scope/download/eslint-scope-3.7.1.tgz#3d63c3edfda02e06e01a452ad88caacc7cdcb6e8"
  dependencies:
    esrecurse "^4.1.0"
    estraverse "^4.1.1"

eslint-visitor-keys@^1.0.0:
  version "1.0.0"
  resolved "http://registry.npm.taobao.org/eslint-visitor-keys/download/eslint-visitor-keys-1.0.0.tgz#3f3180fb2e291017716acb4c9d6d5b5c34a6a81d"

esprima@^4.0.0:
  version "4.0.0"
  resolved "http://registry.npm.taobao.org/esprima/download/esprima-4.0.0.tgz#4499eddcd1110e0b218bacf2fa7f7f59f55ca804"

esrecurse@^4.1.0:
  version "4.2.0"
  resolved "http://registry.npm.taobao.org/esrecurse/download/esrecurse-4.2.0.tgz#fa9568d98d3823f9a41d91e902dcab9ea6e5b163"
  dependencies:
    estraverse "^4.1.0"
    object-assign "^4.0.1"

estraverse@^4.1.0, estraverse@^4.1.1:
  version "4.2.0"
  resolved "http://registry.npm.taobao.org/estraverse/download/estraverse-4.2.0.tgz#0dee3fed31fcd469618ce7342099fc1afa0bdb13"

esutils@^2.0.2:
  version "2.0.2"
  resolved "http://registry.npm.taobao.org/esutils/download/esutils-2.0.2.tgz#0abf4f1caa5bcb1f7a9d8acc6dea4faaa04bac9b"

fast-safe-stringify@^1.2.1:
  version "1.2.1"
  resolved "http://registry.npm.taobao.org/fast-safe-stringify/download/fast-safe-stringify-1.2.1.tgz#c4b2477dd585de4488aa6665d4acfae41462d999"

format-util@^1.0.3:
  version "1.0.3"
  resolved "http://registry.npm.taobao.org/format-util/download/format-util-1.0.3.tgz#032dca4a116262a12c43f4c3ec8566416c5b2d95"

globals@^10.0.0:
  version "10.4.0"
  resolved "http://registry.npm.taobao.org/globals/download/globals-10.4.0.tgz#5c477388b128a9e4c5c5d01c7a2aca68c68b2da7"

handlebars@^4.0.11:
  version "4.0.11"
  resolved "http://registry.npm.taobao.org/handlebars/download/handlebars-4.0.11.tgz#630a35dfe0294bc281edae6ffc5d329fc7982dcc"
  dependencies:
    async "^1.4.0"
    optimist "^0.6.1"
    source-map "^0.4.4"
  optionalDependencies:
    uglify-js "^2.6"

hapi-swagger@^9.0.1:
  version "9.0.1"
  resolved "http://registry.npm.taobao.org/hapi-swagger/download/hapi-swagger-9.0.1.tgz#45e876a24606ef16d12ab3f81c48fca9eca3ce3b"
  dependencies:
    boom "^7.1.1"
    fast-safe-stringify "^1.2.1"
    handlebars "^4.0.11"
    hoek "^5.0.2"
    http-status "^1.0.1"
    joi "^13.0.2"
    json-schema-ref-parser "^4.0.4"
    swagger-parser "^4.0.1"

hapi@^17.2.0:
  version "17.2.0"
  resolved "http://registry.npm.taobao.org/hapi/download/hapi-17.2.0.tgz#e5d74b65235b443225e05d7b7510cdb80d4887e7"
  dependencies:
    accept "3.x.x"
    ammo "3.x.x"
    boom "7.x.x"
    bounce "1.x.x"
    call "5.x.x"
    catbox "10.x.x"
    catbox-memory "3.x.x"
    heavy "6.x.x"
    hoek "5.x.x"
    joi "13.x.x"
    mimos "4.x.x"
    podium "3.x.x"
    shot "4.x.x"
    statehood "6.x.x"
    subtext "6.x.x"
    teamwork "3.x.x"
    topo "3.x.x"

has-flag@^2.0.0:
  version "2.0.0"
  resolved "http://registry.npm.taobao.org/has-flag/download/has-flag-2.0.0.tgz#e8207af1cc7b30d446cc70b734b5e8be18f88d51"

heavy@6.x.x:
  version "6.1.0"
  resolved "http://registry.npm.taobao.org/heavy/download/heavy-6.1.0.tgz#1bbfa43dc61dd4b543ede3ff87db8306b7967274"
  dependencies:
    boom "7.x.x"
    hoek "5.x.x"
    joi "13.x.x"

hoek@5.x.x, hoek@^5.0.2:
  version "5.0.2"
  resolved "http://registry.npm.taobao.org/hoek/download/hoek-5.0.2.tgz#d2f2c95d36fe7189cf8aa8c237abc1950eca1378"

http-status@^1.0.1:
  version "1.0.1"
  resolved "http://registry.npm.taobao.org/http-status/download/http-status-1.0.1.tgz#dc43001a8bfc50ac87d485a892f7578964bc94a2"

inert@^5.0.1:
  version "5.0.1"
  resolved "http://registry.npm.taobao.org/inert/download/inert-5.0.1.tgz#ed5fe91079c75e21b42ab2682fbfe78d4626739d"
  dependencies:
    ammo "3.x.x"
    boom "7.x.x"
    bounce "1.x.x"
    hoek "5.x.x"
    joi "13.x.x"
    lru-cache "4.1.x"

invariant@^2.2.0:
  version "2.2.2"
  resolved "http://registry.npm.taobao.org/invariant/download/invariant-2.2.2.tgz#9e1f56ac0acdb6bf303306f338be3b204ae60360"
  dependencies:
    loose-envify "^1.0.0"

iron@5.x.x:
  version "5.0.4"
  resolved "http://registry.npm.taobao.org/iron/download/iron-5.0.4.tgz#003ed822f656f07c2b62762815f5de3947326867"
  dependencies:
    boom "7.x.x"
    cryptiles "4.x.x"
    hoek "5.x.x"

is-buffer@^1.1.5:
  version "1.1.6"
  resolved "http://registry.npm.taobao.org/is-buffer/download/is-buffer-1.1.6.tgz#efaa2ea9daa0d7ab2ea13a97b2b8ad51fefbe8be"

isemail@3.x.x:
  version "3.0.0"
  resolved "http://registry.npm.taobao.org/isemail/download/isemail-3.0.0.tgz#c89a46bb7a3361e1759f8028f9082488ecce3dff"
  dependencies:
    punycode "2.x.x"

items@2.x.x:
  version "2.1.1"
  resolved "http://registry.npm.taobao.org/items/download/items-2.1.1.tgz#8bd16d9c83b19529de5aea321acaada78364a198"

joi@13.x.x, joi@^13.0.2:
  version "13.0.2"
  resolved "http://registry.npm.taobao.org/joi/download/joi-13.0.2.tgz#8cc57a573b7c0b64108fa6fd85061c20fcb0d6b0"
  dependencies:
    hoek "5.x.x"
    isemail "3.x.x"
    topo "3.x.x"

js-tokens@^3.0.0:
  version "3.0.2"
  resolved "http://registry.npm.taobao.org/js-tokens/download/js-tokens-3.0.2.tgz#9866df395102130e38f7f996bceb65443209c25b"

js-yaml@^3.10.0:
  version "3.10.0"
  resolved "http://registry.npm.taobao.org/js-yaml/download/js-yaml-3.10.0.tgz#2e78441646bd4682e963f22b6e92823c309c62dc"
  dependencies:
    argparse "^1.0.7"
    esprima "^4.0.0"

json-schema-ref-parser@^4.0.4:
  version "4.0.4"
  resolved "http://registry.npm.taobao.org/json-schema-ref-parser/download/json-schema-ref-parser-4.0.4.tgz#3346b81eb0a5657e6f46c11322c5994c6f1b0b26"
  dependencies:
    call-me-maybe "^1.0.1"
    debug "^3.1.0"
    js-yaml "^3.10.0"
    ono "^4.0.2"

kind-of@^3.0.2:
  version "3.2.2"
  resolved "http://registry.npm.taobao.org/kind-of/download/kind-of-3.2.2.tgz#31ea21a734bab9bbb0f32466d893aea51e4a3c64"
  dependencies:
    is-buffer "^1.1.5"

lazy-cache@^1.0.3:
  version "1.0.4"
  resolved "http://registry.npm.taobao.org/lazy-cache/download/lazy-cache-1.0.4.tgz#a1d78fc3a50474cb80845d3b3b6e1da49a446e8e"

lodash.get@^4.0.0:
  version "4.4.2"
  resolved "http://registry.npm.taobao.org/lodash.get/download/lodash.get-4.4.2.tgz#2d177f652fa31e939b4438d5341499dfa3825e99"

lodash.isequal@^4.0.0:
  version "4.5.0"
  resolved "http://registry.npm.taobao.org/lodash.isequal/download/lodash.isequal-4.5.0.tgz#415c4478f2bcc30120c22ce10ed3226f7d3e18e0"

lodash@^4.2.0:
  version "4.17.4"
  resolved "http://registry.npm.taobao.org/lodash/download/lodash-4.17.4.tgz#78203a4d1c328ae1d86dca6460e369b57f4055ae"

longest@^1.0.1:
  version "1.0.1"
  resolved "http://registry.npm.taobao.org/longest/download/longest-1.0.1.tgz#30a0b2da38f73770e8294a0d22e6625ed77d0097"

loose-envify@^1.0.0:
  version "1.3.1"
  resolved "http://registry.npm.taobao.org/loose-envify/download/loose-envify-1.3.1.tgz#d1a8ad33fa9ce0e713d65fdd0ac8b748d478c848"
  dependencies:
    js-tokens "^3.0.0"

lru-cache@4.1.x:
  version "4.1.1"
  resolved "http://registry.npm.taobao.org/lru-cache/download/lru-cache-4.1.1.tgz#622e32e82488b49279114a4f9ecf45e7cd6bba55"
  dependencies:
    pseudomap "^1.0.2"
    yallist "^2.1.2"

mime-db@1.x.x:
  version "1.32.0"
  resolved "http://registry.npm.taobao.org/mime-db/download/mime-db-1.32.0.tgz#485b3848b01a3cda5f968b4882c0771e58e09414"

mimos@4.x.x:
  version "4.0.0"
  resolved "http://registry.npm.taobao.org/mimos/download/mimos-4.0.0.tgz#76e3d27128431cb6482fd15b20475719ad626a5a"
  dependencies:
    hoek "5.x.x"
    mime-db "1.x.x"

minimist@~0.0.1:
  version "0.0.10"
  resolved "http://registry.npm.taobao.org/minimist/download/minimist-0.0.10.tgz#de3f98543dbf96082be48ad1a0c7cda836301dcf"

ms@2.0.0:
  version "2.0.0"
  resolved "http://registry.npm.taobao.org/ms/download/ms-2.0.0.tgz#5608aeadfc00be6c2901df5f9861788de0d597c8"

nigel@3.x.x:
  version "3.0.0"
  resolved "http://registry.npm.taobao.org/nigel/download/nigel-3.0.0.tgz#a6e3378a8a34281e75ba1641e886a415d4be93ad"
  dependencies:
    hoek "5.x.x"
    vise "3.x.x"

object-assign@^4.0.1:
  version "4.1.1"
  resolved "http://registry.npm.taobao.org/object-assign/download/object-assign-4.1.1.tgz#2109adc7965887cfc05cbbd442cac8bfbb360863"

ono@^4.0.2:
  version "4.0.2"
  resolved "http://registry.npm.taobao.org/ono/download/ono-4.0.2.tgz#2e18ff7c21b9eac0cab794f7a3082507000d6d36"
  dependencies:
    format-util "^1.0.3"

optimist@^0.6.1:
  version "0.6.1"
  resolved "http://registry.npm.taobao.org/optimist/download/optimist-0.6.1.tgz#da3ea74686fa21a19a111c326e90eb15a0196686"
  dependencies:
    minimist "~0.0.1"
    wordwrap "~0.0.2"

pez@4.x.x:
  version "4.0.1"
  resolved "http://registry.npm.taobao.org/pez/download/pez-4.0.1.tgz#d698ecf9a146c9188d74abe5cef7b5cb71deb3b5"
  dependencies:
    b64 "4.x.x"
    boom "7.x.x"
    content "4.x.x"
    hoek "5.x.x"
    nigel "3.x.x"

podium@3.x.x:
  version "3.1.2"
  resolved "http://registry.npm.taobao.org/podium/download/podium-3.1.2.tgz#b701429739cf6bdde6b3015ae6b48d400817ce9e"
  dependencies:
    hoek "5.x.x"
    joi "13.x.x"

pseudomap@^1.0.2:
  version "1.0.2"
  resolved "http://registry.npm.taobao.org/pseudomap/download/pseudomap-1.0.2.tgz#f052a28da70e618917ef0a8ac34c1ae5a68286b3"

punycode@2.x.x:
  version "2.1.0"
  resolved "http://registry.npm.taobao.org/punycode/download/punycode-2.1.0.tgz#5f863edc89b96db09074bad7947bf09056ca4e7d"

repeat-string@^1.5.2:
  version "1.6.1"
  resolved "http://registry.npm.taobao.org/repeat-string/download/repeat-string-1.6.1.tgz#8dcae470e1c88abc2d600fff4a776286da75e637"

right-align@^0.1.1:
  version "0.1.3"
  resolved "http://registry.npm.taobao.org/right-align/download/right-align-0.1.3.tgz#61339b722fe6a3515689210d24e14c96148613ef"
  dependencies:
    align-text "^0.1.1"

shot@4.x.x:
  version "4.0.4"
  resolved "http://registry.npm.taobao.org/shot/download/shot-4.0.4.tgz#cb0d3f61f6588ee23c3eb077f87b17a100d581a2"
  dependencies:
    hoek "5.x.x"
    joi "13.x.x"

source-map@^0.4.4:
  version "0.4.4"
  resolved "http://registry.npm.taobao.org/source-map/download/source-map-0.4.4.tgz#eba4f5da9c0dc999de68032d8b4f76173652036b"
  dependencies:
    amdefine ">=0.0.4"

source-map@~0.5.1:
  version "0.5.7"
  resolved "http://registry.npm.taobao.org/source-map/download/source-map-0.5.7.tgz#8a039d2d1021d22d1ea14c80d8ea468ba2ef3fcc"

sprintf-js@~1.0.2:
  version "1.0.3"
  resolved "http://registry.npm.taobao.org/sprintf-js/download/sprintf-js-1.0.3.tgz#04e6926f662895354f3dd015203633b857297e2c"

statehood@6.x.x:
  version "6.0.5"
  resolved "http://registry.npm.taobao.org/statehood/download/statehood-6.0.5.tgz#bbcdcb3a43a6fb86f4bd04ed48a9309b6cfc1b18"
  dependencies:
    boom "7.x.x"
    bounce "1.x.x"
    cryptiles "4.x.x"
    hoek "5.x.x"
    iron "5.x.x"
    joi "13.x.x"

subtext@6.x.x:
  version "6.0.7"
  resolved "http://registry.npm.taobao.org/subtext/download/subtext-6.0.7.tgz#8e40a67901a734d598142665c90e398369b885f9"
  dependencies:
    boom "7.x.x"
    content "4.x.x"
    hoek "5.x.x"
    pez "4.x.x"
    wreck "14.x.x"

supports-color@^4.0.0:
  version "4.5.0"
  resolved "http://registry.npm.taobao.org/supports-color/download/supports-color-4.5.0.tgz#be7a0de484dec5c5cddf8b3d59125044912f635b"
  dependencies:
    has-flag "^2.0.0"

swagger-methods@^1.0.0:
  version "1.0.4"
  resolved "http://registry.npm.taobao.org/swagger-methods/download/swagger-methods-1.0.4.tgz#2c5b844f4a22ab2f5e773f98193c28e386b1c37e"

swagger-parser@^4.0.1:
  version "4.0.1"
  resolved "http://registry.npm.taobao.org/swagger-parser/download/swagger-parser-4.0.1.tgz#c6457de387df7649f057b04513a442109b93cba8"
  dependencies:
    call-me-maybe "^1.0.1"
    debug "^3.1.0"
    json-schema-ref-parser "^4.0.4"
    ono "^4.0.2"
    swagger-methods "^1.0.0"
    swagger-schema-official "2.0.0-bab6bed"
    z-schema "^3.18.4"

swagger-schema-official@2.0.0-bab6bed:
  version "2.0.0-bab6bed"
  resolved "http://registry.npm.taobao.org/swagger-schema-official/download/swagger-schema-official-2.0.0-bab6bed.tgz#70070468d6d2977ca5237b2e519ca7d06a2ea3fd"

teamwork@3.x.x:
  version "3.0.1"
  resolved "http://registry.npm.taobao.org/teamwork/download/teamwork-3.0.1.tgz#ff38c7161f41f8070b7813716eb6154036ece196"

to-fast-properties@^2.0.0:
  version "2.0.0"
  resolved "http://registry.npm.taobao.org/to-fast-properties/download/to-fast-properties-2.0.0.tgz#dc5e698cbd079265bc73e0377681a4e4e83f616e"

topo@3.x.x:
  version "3.0.0"
  resolved "http://registry.npm.taobao.org/topo/download/topo-3.0.0.tgz#37e48c330efeac784538e0acd3e62ca5e231fe7a"
  dependencies:
    hoek "5.x.x"

uglify-js@^2.6:
  version "2.8.29"
  resolved "http://registry.npm.taobao.org/uglify-js/download/uglify-js-2.8.29.tgz#29c5733148057bb4e1f75df35b7a9cb72e6a59dd"
  dependencies:
    source-map "~0.5.1"
    yargs "~3.10.0"
  optionalDependencies:
    uglify-to-browserify "~1.0.0"

uglify-to-browserify@~1.0.0:
  version "1.0.2"
  resolved "http://registry.npm.taobao.org/uglify-to-browserify/download/uglify-to-browserify-1.0.2.tgz#6e0924d6bda6b5afe349e39a6d632850a0f882b7"

validator@^9.0.0:
  version "9.2.0"
  resolved "http://registry.npm.taobao.org/validator/download/validator-9.2.0.tgz#ad216eed5f37cac31a6fe00ceab1f6b88bded03e"

vise@3.x.x:
  version "3.0.0"
  resolved "http://registry.npm.taobao.org/vise/download/vise-3.0.0.tgz#76ad14ab31669c50fbb0817bc0e72fedcbb3bf4c"
  dependencies:
    hoek "5.x.x"

vision@^5.3.0:
  version "5.3.0"
  resolved "http://registry.npm.taobao.org/vision/download/vision-5.3.0.tgz#0758dfcd1b911bfde575e8cd3f5de5171320c691"
  dependencies:
    boom "7.x.x"
    hoek "5.x.x"
    items "2.x.x"
    joi "13.x.x"

window-size@0.1.0:
  version "0.1.0"
  resolved "http://registry.npm.taobao.org/window-size/download/window-size-0.1.0.tgz#5438cd2ea93b202efa3a19fe8887aee7c94f9c9d"

wordwrap@0.0.2:
  version "0.0.2"
  resolved "http://registry.npm.taobao.org/wordwrap/download/wordwrap-0.0.2.tgz#b79669bb42ecb409f83d583cad52ca17eaa1643f"

wordwrap@~0.0.2:
  version "0.0.3"
  resolved "http://registry.npm.taobao.org/wordwrap/download/wordwrap-0.0.3.tgz#a3d5da6cd5c0bc0008d37234bbaf1bed63059107"

wreck@14.x.x:
  version "14.0.2"
  resolved "http://registry.npm.taobao.org/wreck/download/wreck-14.0.2.tgz#89c17a9061c745ed1c3aebcb66ea181dbaab454c"
  dependencies:
    boom "7.x.x"
    hoek "5.x.x"

yallist@^2.1.2:
  version "2.1.2"
  resolved "http://registry.npm.taobao.org/yallist/download/yallist-2.1.2.tgz#1c11f9218f076089a47dd512f93c6699a6a81d52"

yargs@~3.10.0:
  version "3.10.0"
  resolved "http://registry.npm.taobao.org/yargs/download/yargs-3.10.0.tgz#f7ee7bd857dd7c1d2d38c0e74efbd681d1431fd1"
  dependencies:
    camelcase "^1.0.2"
    cliui "^2.1.0"
    decamelize "^1.0.0"
    window-size "0.1.0"

z-schema@^3.18.4:
  version "3.19.0"
  resolved "http://registry.npm.taobao.org/z-schema/download/z-schema-3.19.0.tgz#d86e90e5d02113c7b8824ae477dd57208d17a5a8"
  dependencies:
    lodash.get "^4.0.0"
    lodash.isequal "^4.0.0"
    validator "^9.0.0"
  optionalDependencies:
    commander "^2.7.1"
